
Microsoft Visual Studio Solution File, Format Version 12.00
# Visual Studio Version 16
VisualStudioVersion = 16.0.30523.141
MinimumVisualStudioVersion = 10.0.40219.1
Project("{FAE04EC0-301F-11D3-BF4B-00C04F79EFBC}") = "Converter", "Converter\Converter.csproj", "{137BCF83-07C7-44B5-BB39-BE8AF2B8F4C4}"
EndProject
Project("{FAE04EC0-301F-11D3-BF4B-00C04F79EFBC}") = "Converter.Tests", "Converter.Tests\Converter.Tests.csproj", "{A82A8010-F704-4ED6-BFAB-F5F92E6B3080}"
EndProject
Global
	GlobalSection(SolutionConfigurationPlatforms) = preSolution
		Debug|Any CPU = Debug|Any CPU
		Release|Any CPU = Release|Any CPU
	EndGlobalSection
	GlobalSection(ProjectConfigurationPlatforms) = postSolution
		{137BCF83-07C7-44B5-BB39-BE8AF2B8F4C4}.Debug|Any CPU.ActiveCfg = Debug|Any CPU
		{137BCF83-07C7-44B5-BB39-BE8AF2B8F4C4}.Debug|Any CPU.Build.0 = Debug|Any CPU
		{137BCF83-07C7-44B5-BB39-BE8AF2B8F4C4}.Release|Any CPU.ActiveCfg = Release|Any CPU
		{137BCF83-07C7-44B5-BB39-BE8AF2B8F4C4}.Release|Any CPU.Build.0 = Release|Any CPU
		{A82A8010-F704-4ED6-BFAB-F5F92E6B3080}.Debug|Any CPU.ActiveCfg = Debug|Any CPU
		{A82A8010-F704-4ED6-BFAB-F5F92E6B3080}.Debug|Any CPU.Build.0 = Debug|Any CPU
		{A82A8010-F704-4ED6-BFAB-F5F92E6B3080}.Release|Any CPU.ActiveCfg = Release|Any CPU
		{A82A8010-F704-4ED6-BFAB-F5F92E6B3080}.Release|Any CPU.Build.0 = Release|Any CPU
	EndGlobalSection
	GlobalSection(SolutionProperties) = preSolution
		HideSolutionNode = FALSE
	EndGlobalSection
	GlobalSection(ExtensibilityGlobals) = postSolution
		SolutionGuid = {448F212B-5CDC-4C3C-AE1E-1709C9201ED5}
	EndGlobalSection
EndGlobal
